
Microsoft Visual Studio Solution File, Format Version 12.00
# Visual Studio Version 17
VisualStudioVersion = 17.11.35303.130
MinimumVisualStudioVersion = 10.0.40219.1
Project("{FAE04EC0-301F-11D3-BF4B-00C04F79EFBC}") = "Ortalama_Vade_Hesaplama", "Ortalama_Vade_Hesaplama.csproj", "{304A8A67-FDE5-4D10-8D0C-BC768EA20F30}"
EndProject
Global
	GlobalSection(SolutionConfigurationPlatforms) = preSolution
		Debug|Any CPU = Debug|Any CPU
		Release|Any CPU = Release|Any CPU
	EndGlobalSection
	GlobalSection(ProjectConfigurationPlatforms) = postSolution
		{304A8A67-FDE5-4D10-8D0C-BC768EA20F30}.Debug|Any CPU.ActiveCfg = Debug|Any CPU
		{304A8A67-FDE5-4D10-8D0C-BC768EA20F30}.Debug|Any CPU.Build.0 = Debug|Any CPU
		{304A8A67-FDE5-4D10-8D0C-BC768EA20F30}.Release|Any CPU.ActiveCfg = Release|Any CPU
		{304A8A67-FDE5-4D10-8D0C-BC768EA20F30}.Release|Any CPU.Build.0 = Release|Any CPU
	EndGlobalSection
	GlobalSection(SolutionProperties) = preSolution
		HideSolutionNode = FALSE
	EndGlobalSection
	GlobalSection(ExtensibilityGlobals) = postSolution
		SolutionGuid = {AA7417D4-147A-42C2-9048-E37449C20C40}
	EndGlobalSection
EndGlobal
